
Microsoft Visual Studio Solution File, Format Version 12.00
# Visual Studio 14
VisualStudioVersion = 14.0.25420.1
MinimumVisualStudioVersion = 10.0.40219.1
Project("{FAE04EC0-301F-11D3-BF4B-00C04F79EFBC}") = "DLTVWGPT", "DLTVWGPT\DLTVWGPT.csproj", "{16D02BA9-7B9E-4AAC-8B4B-B58E84CDD09A}"
EndProject
Project("{FAE04EC0-301F-11D3-BF4B-00C04F79EFBC}") = "DLTLib", "DLTLib\DLTLib.csproj", "{844F0779-C345-4B97-8DAF-0D55B5CE7646}"
EndProject
Project("{FAE04EC0-301F-11D3-BF4B-00C04F79EFBC}") = "WCFTest", "WCFTest\WCFTest.csproj", "{4C7569DB-0EA9-43FD-B0B7-627B58441C55}"
EndProject
Project("{FAE04EC0-301F-11D3-BF4B-00C04F79EFBC}") = "WCFWinFormTest", "WCFWinFormTest\WCFWinFormTest.csproj", "{BC2219D5-B42C-4504-81F9-A4BCA1E34ECF}"
	ProjectSection(ProjectDependencies) = postProject
		{4C7569DB-0EA9-43FD-B0B7-627B58441C55} = {4C7569DB-0EA9-43FD-B0B7-627B58441C55}
	EndProjectSection
EndProject
Project("{FAE04EC0-301F-11D3-BF4B-00C04F79EFBC}") = "JXC", "JXC\JXC.csproj", "{4DBF3E60-D2C3-47BF-A9B4-25F099AE8B10}"
EndProject
Global
	GlobalSection(SolutionConfigurationPlatforms) = preSolution
		Debug|Any CPU = Debug|Any CPU
		Release|Any CPU = Release|Any CPU
	EndGlobalSection
	GlobalSection(ProjectConfigurationPlatforms) = postSolution
		{16D02BA9-7B9E-4AAC-8B4B-B58E84CDD09A}.Debug|Any CPU.ActiveCfg = Debug|Any CPU
		{16D02BA9-7B9E-4AAC-8B4B-B58E84CDD09A}.Debug|Any CPU.Build.0 = Debug|Any CPU
		{16D02BA9-7B9E-4AAC-8B4B-B58E84CDD09A}.Release|Any CPU.ActiveCfg = Release|Any CPU
		{16D02BA9-7B9E-4AAC-8B4B-B58E84CDD09A}.Release|Any CPU.Build.0 = Release|Any CPU
		{844F0779-C345-4B97-8DAF-0D55B5CE7646}.Debug|Any CPU.ActiveCfg = Debug|Any CPU
		{844F0779-C345-4B97-8DAF-0D55B5CE7646}.Debug|Any CPU.Build.0 = Debug|Any CPU
		{844F0779-C345-4B97-8DAF-0D55B5CE7646}.Release|Any CPU.ActiveCfg = Release|Any CPU
		{844F0779-C345-4B97-8DAF-0D55B5CE7646}.Release|Any CPU.Build.0 = Release|Any CPU
		{4C7569DB-0EA9-43FD-B0B7-627B58441C55}.Debug|Any CPU.ActiveCfg = Debug|Any CPU
		{4C7569DB-0EA9-43FD-B0B7-627B58441C55}.Debug|Any CPU.Build.0 = Debug|Any CPU
		{4C7569DB-0EA9-43FD-B0B7-627B58441C55}.Release|Any CPU.ActiveCfg = Release|Any CPU
		{4C7569DB-0EA9-43FD-B0B7-627B58441C55}.Release|Any CPU.Build.0 = Release|Any CPU
		{BC2219D5-B42C-4504-81F9-A4BCA1E34ECF}.Debug|Any CPU.ActiveCfg = Debug|Any CPU
		{BC2219D5-B42C-4504-81F9-A4BCA1E34ECF}.Debug|Any CPU.Build.0 = Debug|Any CPU
		{BC2219D5-B42C-4504-81F9-A4BCA1E34ECF}.Release|Any CPU.ActiveCfg = Release|Any CPU
		{BC2219D5-B42C-4504-81F9-A4BCA1E34ECF}.Release|Any CPU.Build.0 = Release|Any CPU
		{4DBF3E60-D2C3-47BF-A9B4-25F099AE8B10}.Debug|Any CPU.ActiveCfg = Debug|Any CPU
		{4DBF3E60-D2C3-47BF-A9B4-25F099AE8B10}.Debug|Any CPU.Build.0 = Debug|Any CPU
		{4DBF3E60-D2C3-47BF-A9B4-25F099AE8B10}.Release|Any CPU.ActiveCfg = Release|Any CPU
		{4DBF3E60-D2C3-47BF-A9B4-25F099AE8B10}.Release|Any CPU.Build.0 = Release|Any CPU
	EndGlobalSection
	GlobalSection(SolutionProperties) = preSolution
		HideSolutionNode = FALSE
	EndGlobalSection
EndGlobal
